
Microsoft Visual Studio Solution File, Format Version 12.00
# Visual Studio Version 16
VisualStudioVersion = 16.0.32510.428
MinimumVisualStudioVersion = 10.0.40219.1
Project("{FAE04EC0-301F-11D3-BF4B-00C04F79EFBC}") = "FileIOExcercise", "FileIOExcercise\FileIOExcercise.csproj", "{7249E69E-B074-41DF-9584-2EA37DA7C772}"
EndProject
Global
	GlobalSection(SolutionConfigurationPlatforms) = preSolution
		Debug|Any CPU = Debug|Any CPU
		Release|Any CPU = Release|Any CPU
	EndGlobalSection
	GlobalSection(ProjectConfigurationPlatforms) = postSolution
		{7249E69E-B074-41DF-9584-2EA37DA7C772}.Debug|Any CPU.ActiveCfg = Debug|Any CPU
		{7249E69E-B074-41DF-9584-2EA37DA7C772}.Debug|Any CPU.Build.0 = Debug|Any CPU
		{7249E69E-B074-41DF-9584-2EA37DA7C772}.Release|Any CPU.ActiveCfg = Release|Any CPU
		{7249E69E-B074-41DF-9584-2EA37DA7C772}.Release|Any CPU.Build.0 = Release|Any CPU
	EndGlobalSection
	GlobalSection(SolutionProperties) = preSolution
		HideSolutionNode = FALSE
	EndGlobalSection
	GlobalSection(ExtensibilityGlobals) = postSolution
		SolutionGuid = {96E0AB6C-DE22-4F22-951F-9A96ED61DA63}
	EndGlobalSection
EndGlobal
